{
  "pins" : [
    {
      "identity" : "scanbot-sdk-ios-spm",
      "kind" : "remoteSourceControl",
      "location" : "https://github.com/doo/scanbot-sdk-ios-spm.git",
      "state" : {
        "revision" : "7751cf44d7d2f5a85200b9739aaa852938fb4a2c",
        "version" : "4.1.0"
      }
    },
    {
      "identity" : "wescan",
      "kind" : "remoteSourceControl",
      "location" : "https://github.com/WeTransfer/WeScan.git",
      "state" : {
        "revision" : "5eee784d8233bc209e8fc38980fd847293c96ebc",
        "version" : "3.0.0"
      }
    }
  ],
  "version" : 2
}
